
Microsoft Visual Studio Solution File, Format Version 12.00
# Visual Studio Version 16
VisualStudioVersion = 16.0.30611.23
MinimumVisualStudioVersion = 10.0.40219.1
Project("{FAE04EC0-301F-11D3-BF4B-00C04F79EFBC}") = "Math Quiz", "Math Quiz.csproj", "{03CE01BA-4AA6-44F5-9CBA-F93507C8852F}"
EndProject
Global
	GlobalSection(SolutionConfigurationPlatforms) = preSolution
		Debug|Any CPU = Debug|Any CPU
		Release|Any CPU = Release|Any CPU
	EndGlobalSection
	GlobalSection(ProjectConfigurationPlatforms) = postSolution
		{03CE01BA-4AA6-44F5-9CBA-F93507C8852F}.Debug|Any CPU.ActiveCfg = Debug|Any CPU
		{03CE01BA-4AA6-44F5-9CBA-F93507C8852F}.Debug|Any CPU.Build.0 = Debug|Any CPU
		{03CE01BA-4AA6-44F5-9CBA-F93507C8852F}.Release|Any CPU.ActiveCfg = Release|Any CPU
		{03CE01BA-4AA6-44F5-9CBA-F93507C8852F}.Release|Any CPU.Build.0 = Release|Any CPU
	EndGlobalSection
	GlobalSection(SolutionProperties) = preSolution
		HideSolutionNode = FALSE
	EndGlobalSection
	GlobalSection(ExtensibilityGlobals) = postSolution
		SolutionGuid = {4316D6CE-9052-473A-852F-BE57904CBC96}
	EndGlobalSection
EndGlobal
